// !$*UTF8*$!
{
	archiveVersion = 1;
	classes = {
	};
	objectVersion = 56;
	objects = {

/* Begin PBXBuildFile section */
		6F2D76CF2BFE66F70001AFAA /* HomeView.swift in Sources */ = {isa = PBXBuildFile; fileRef = 6F2D76CE2BFE66F70001AFAA /* HomeView.swift */; };
		6F2D76DA2BFE699C0001AFAA /* LocationManager.swift in Sources */ = {isa = PBXBuildFile; fileRef = 6F2D76D92BFE699C0001AFAA /* LocationManager.swift */; };
		6F2D76DE2BFE69E30001AFAA /* LocationPermissionView.swift in Sources */ = {isa = PBXBuildFile; fileRef = 6F2D76DD2BFE69E30001AFAA /* LocationPermissionView.swift */; };
		6F2D76E02BFE6A3F0001AFAA /* View+Extensions.swift in Sources */ = {isa = PBXBuildFile; fileRef = 6F2D76DF2BFE6A3F0001AFAA /* View+Extensions.swift */; };
		6F4A568D2BE1AACB00E1CC28 /* TravelGuideApp.swift in Sources */ = {isa = PBXBuildFile; fileRef = 6F4A568C2BE1AACB00E1CC28 /* TravelGuideApp.swift */; };
		6F4A56912BE1AACD00E1CC28 /* Assets.xcassets in Resources */ = {isa = PBXBuildFile; fileRef = 6F4A56902BE1AACD00E1CC28 /* Assets.xcassets */; };
		6F4A56942BE1AACD00E1CC28 /* Preview Assets.xcassets in Resources */ = {isa = PBXBuildFile; fileRef = 6F4A56932BE1AACD00E1CC28 /* Preview Assets.xcassets */; };
		6F4AA9842C15B4610012F060 /* NearbyLocationDetailsView.swift in Sources */ = {isa = PBXBuildFile; fileRef = 6F4AA9832C15B4610012F060 /* NearbyLocationDetailsView.swift */; };
		6F4AA9872C15B4B70012F060 /* XDismissButton.swift in Sources */ = {isa = PBXBuildFile; fileRef = 6F4AA9862C15B4B70012F060 /* XDismissButton.swift */; };
		6F4AA9892C15B4F10012F060 /* CoreDataManager.swift in Sources */ = {isa = PBXBuildFile; fileRef = 6F4AA9882C15B4F10012F060 /* CoreDataManager.swift */; };
		6F4AA98F2C15B5AC0012F060 /* FavoriteLocationsModel.xcdatamodeld in Sources */ = {isa = PBXBuildFile; fileRef = 6F4AA98D2C15B5AC0012F060 /* FavoriteLocationsModel.xcdatamodeld */; };
		6F4AA9922C15B8470012F060 /* FavoritesViewModel.swift in Sources */ = {isa = PBXBuildFile; fileRef = 6F4AA9912C15B8470012F060 /* FavoritesViewModel.swift */; };
		6F4AA9962C164AB00012F060 /* SharedData.swift in Sources */ = {isa = PBXBuildFile; fileRef = 6F4AA9952C164AB00012F060 /* SharedData.swift */; };
		6F82727F2C090CAA00FE2FC8 /* APIRequest.swift in Sources */ = {isa = PBXBuildFile; fileRef = 6F82727E2C090CAA00FE2FC8 /* APIRequest.swift */; };
		6F8272812C090CF400FE2FC8 /* Config.swift in Sources */ = {isa = PBXBuildFile; fileRef = 6F8272802C090CF300FE2FC8 /* Config.swift */; };
		6F8272842C090D2C00FE2FC8 /* APIError.swift in Sources */ = {isa = PBXBuildFile; fileRef = 6F8272832C090D2C00FE2FC8 /* APIError.swift */; };
		6F8272862C090D4A00FE2FC8 /* Alert.swift in Sources */ = {isa = PBXBuildFile; fileRef = 6F8272852C090D4A00FE2FC8 /* Alert.swift */; };
		6F8272882C090D7E00FE2FC8 /* LocationService.swift in Sources */ = {isa = PBXBuildFile; fileRef = 6F8272872C090D7E00FE2FC8 /* LocationService.swift */; };
		6F82728D2C090DF300FE2FC8 /* LocationPhotosResponse.swift in Sources */ = {isa = PBXBuildFile; fileRef = 6F82728C2C090DF300FE2FC8 /* LocationPhotosResponse.swift */; };
		6F82728F2C090E1100FE2FC8 /* LocationDetailResponse.swift in Sources */ = {isa = PBXBuildFile; fileRef = 6F82728E2C090E1100FE2FC8 /* LocationDetailResponse.swift */; };
		6F8272912C090E3400FE2FC8 /* SearchLocationResponse.swift in Sources */ = {isa = PBXBuildFile; fileRef = 6F8272902C090E3400FE2FC8 /* SearchLocationResponse.swift */; };
		6F8272952C090F0300FE2FC8 /* RemoteImage.swift in Sources */ = {isa = PBXBuildFile; fileRef = 6F8272942C090F0300FE2FC8 /* RemoteImage.swift */; };
		6F8272982C090F3F00FE2FC8 /* LoadingView.swift in Sources */ = {isa = PBXBuildFile; fileRef = 6F8272972C090F3F00FE2FC8 /* LoadingView.swift */; };
		6F82729E2C09148E00FE2FC8 /* LandmarkClassifier.mlmodel in Sources */ = {isa = PBXBuildFile; fileRef = 6F82729D2C09148E00FE2FC8 /* LandmarkClassifier.mlmodel */; };
		6F8272A22C09151800FE2FC8 /* GalleryView.swift in Sources */ = {isa = PBXBuildFile; fileRef = 6F8272A12C09151800FE2FC8 /* GalleryView.swift */; };
		6F8272A42C09155600FE2FC8 /* CameraLiveView.swift in Sources */ = {isa = PBXBuildFile; fileRef = 6F8272A32C09155600FE2FC8 /* CameraLiveView.swift */; };
		6F8272A72C0915F600FE2FC8 /* CameraLiveViewModel.swift in Sources */ = {isa = PBXBuildFile; fileRef = 6F8272A62C0915F600FE2FC8 /* CameraLiveViewModel.swift */; };
		6F8272A92C09165900FE2FC8 /* VideoCapture.swift in Sources */ = {isa = PBXBuildFile; fileRef = 6F8272A82C09165900FE2FC8 /* VideoCapture.swift */; };
		6F8272AB2C09169D00FE2FC8 /* ImagePicker.swift in Sources */ = {isa = PBXBuildFile; fileRef = 6F8272AA2C09169D00FE2FC8 /* ImagePicker.swift */; };
		6F8272AD2C0916E000FE2FC8 /* CameraPreview.swift in Sources */ = {isa = PBXBuildFile; fileRef = 6F8272AC2C0916E000FE2FC8 /* CameraPreview.swift */; };
		6F8272AF2C09170600FE2FC8 /* CameraOverlayView.swift in Sources */ = {isa = PBXBuildFile; fileRef = 6F8272AE2C09170600FE2FC8 /* CameraOverlayView.swift */; };
		6F9082912C03579200C30F09 /* FavoritesView.swift in Sources */ = {isa = PBXBuildFile; fileRef = 6F9082902C03579200C30F09 /* FavoritesView.swift */; };
		6F9082952C0357C800C30F09 /* CoreMLView.swift in Sources */ = {isa = PBXBuildFile; fileRef = 6F9082942C0357C800C30F09 /* CoreMLView.swift */; };
		6F90829D2C0358EF00C30F09 /* HomeViewModel.swift in Sources */ = {isa = PBXBuildFile; fileRef = 6F90829C2C0358EF00C30F09 /* HomeViewModel.swift */; };
		6F90829F2C0359D800C30F09 /* TravelGuideTabView.swift in Sources */ = {isa = PBXBuildFile; fileRef = 6F90829E2C0359D800C30F09 /* TravelGuideTabView.swift */; };
		6FA128D62C13B737008D4CE7 /* NearbyLocationResponse.swift in Sources */ = {isa = PBXBuildFile; fileRef = 6FA128D52C13B737008D4CE7 /* NearbyLocationResponse.swift */; };
		6FA128D82C13B75C008D4CE7 /* NearbyLocationDetail.swift in Sources */ = {isa = PBXBuildFile; fileRef = 6FA128D72C13B75C008D4CE7 /* NearbyLocationDetail.swift */; };
		6FA128DE2C14F783008D4CE7 /* CustomFont.swift in Sources */ = {isa = PBXBuildFile; fileRef = 6FA128DD2C14F783008D4CE7 /* CustomFont.swift */; };
		6FA128E02C14F7B0008D4CE7 /* Text+Extensions.swift in Sources */ = {isa = PBXBuildFile; fileRef = 6FA128DF2C14F7B0008D4CE7 /* Text+Extensions.swift */; };
		6FA128E42C14F8A9008D4CE7 /* ChooseCityView.swift in Sources */ = {isa = PBXBuildFile; fileRef = 6FA128E32C14F8A9008D4CE7 /* ChooseCityView.swift */; };
		6FA128E62C14F8DB008D4CE7 /* LocationCardView.swift in Sources */ = {isa = PBXBuildFile; fileRef = 6FA128E52C14F8DB008D4CE7 /* LocationCardView.swift */; };
		6FC321462BFE4421005D966D /* Navigation.swift in Sources */ = {isa = PBXBuildFile; fileRef = 6FC321452BFE4421005D966D /* Navigation.swift */; };
		6FC321482BFE444A005D966D /* NavigationViewModifier.swift in Sources */ = {isa = PBXBuildFile; fileRef = 6FC321472BFE444A005D966D /* NavigationViewModifier.swift */; };
		6FC3214A2BFE446B005D966D /* NavigationType.swift in Sources */ = {isa = PBXBuildFile; fileRef = 6FC321492BFE446B005D966D /* NavigationType.swift */; };
		6FC3214E2BFE452A005D966D /* SplashView.swift in Sources */ = {isa = PBXBuildFile; fileRef = 6FC3214D2BFE452A005D966D /* SplashView.swift */; };
		6FC321522BFE46A0005D966D /* OnboardingView.swift in Sources */ = {isa = PBXBuildFile; fileRef = 6FC321512BFE46A0005D966D /* OnboardingView.swift */; };
		6FC321542BFE46D9005D966D /* OnboardingPage.swift in Sources */ = {isa = PBXBuildFile; fileRef = 6FC321532BFE46D9005D966D /* OnboardingPage.swift */; };
		6FC321562BFE46FB005D966D /* OnboardingPageView.swift in Sources */ = {isa = PBXBuildFile; fileRef = 6FC321552BFE46FB005D966D /* OnboardingPageView.swift */; };
		6FC321592BFE47FD005D966D /* Color+Extensions.swift in Sources */ = {isa = PBXBuildFile; fileRef = 6FC321582BFE47FD005D966D /* Color+Extensions.swift */; };
		6FC3215C2BFE4855005D966D /* AppLocalStorage.swift in Sources */ = {isa = PBXBuildFile; fileRef = 6FC3215B2BFE4855005D966D /* AppLocalStorage.swift */; };
		6FC3215E2BFE486F005D966D /* Constants.swift in Sources */ = {isa = PBXBuildFile; fileRef = 6FC3215D2BFE486F005D966D /* Constants.swift */; };
		6FEA59962BE1B43800528E55 /* Inter-Bold.ttf in Resources */ = {isa = PBXBuildFile; fileRef = 6FEA59942BE1B43800528E55 /* Inter-Bold.ttf */; };
		6FEA59972BE1B43800528E55 /* Inter-Regular.ttf in Resources */ = {isa = PBXBuildFile; fileRef = 6FEA59952BE1B43800528E55 /* Inter-Regular.ttf */; };
/* End PBXBuildFile section */

/* Begin PBXFileReference section */
		6F2D76CE2BFE66F70001AFAA /* HomeView.swift */ = {isa = PBXFileReference; lastKnownFileType = sourcecode.swift; path = HomeView.swift; sourceTree = "<group>"; };
		6F2D76D92BFE699C0001AFAA /* LocationManager.swift */ = {isa = PBXFileReference; lastKnownFileType = sourcecode.swift; path = LocationManager.swift; sourceTree = "<group>"; };
		6F2D76DD2BFE69E30001AFAA /* LocationPermissionView.swift */ = {isa = PBXFileReference; lastKnownFileType = sourcecode.swift; path = LocationPermissionView.swift; sourceTree = "<group>"; };
		6F2D76DF2BFE6A3F0001AFAA /* View+Extensions.swift */ = {isa = PBXFileReference; lastKnownFileType = sourcecode.swift; path = "View+Extensions.swift"; sourceTree = "<group>"; };
		6F4A56892BE1AACB00E1CC28 /* TravelGuide.app */ = {isa = PBXFileReference; explicitFileType = wrapper.application; includeInIndex = 0; path = TravelGuide.app; sourceTree = BUILT_PRODUCTS_DIR; };
		6F4A568C2BE1AACB00E1CC28 /* TravelGuideApp.swift */ = {isa = PBXFileReference; lastKnownFileType = sourcecode.swift; path = TravelGuideApp.swift; sourceTree = "<group>"; };
		6F4A56902BE1AACD00E1CC28 /* Assets.xcassets */ = {isa = PBXFileReference; lastKnownFileType = folder.assetcatalog; path = Assets.xcassets; sourceTree = "<group>"; };
		6F4A56932BE1AACD00E1CC28 /* Preview Assets.xcassets */ = {isa = PBXFileReference; lastKnownFileType = folder.assetcatalog; path = "Preview Assets.xcassets"; sourceTree = "<group>"; };
		6F4AA9832C15B4610012F060 /* NearbyLocationDetailsView.swift */ = {isa = PBXFileReference; lastKnownFileType = sourcecode.swift; path = NearbyLocationDetailsView.swift; sourceTree = "<group>"; };
		6F4AA9862C15B4B70012F060 /* XDismissButton.swift */ = {isa = PBXFileReference; lastKnownFileType = sourcecode.swift; path = XDismissButton.swift; sourceTree = "<group>"; };
		6F4AA9882C15B4F10012F060 /* CoreDataManager.swift */ = {isa = PBXFileReference; lastKnownFileType = sourcecode.swift; path = CoreDataManager.swift; sourceTree = "<group>"; };
		6F4AA98E2C15B5AC0012F060 /* FavoriteLocationsModel.xcdatamodel */ = {isa = PBXFileReference; lastKnownFileType = wrapper.xcdatamodel; path = FavoriteLocationsModel.xcdatamodel; sourceTree = "<group>"; };
		6F4AA9912C15B8470012F060 /* FavoritesViewModel.swift */ = {isa = PBXFileReference; lastKnownFileType = sourcecode.swift; path = FavoritesViewModel.swift; sourceTree = "<group>"; };
		6F4AA9952C164AB00012F060 /* SharedData.swift */ = {isa = PBXFileReference; lastKnownFileType = sourcecode.swift; path = SharedData.swift; sourceTree = "<group>"; };
		6F82727E2C090CAA00FE2FC8 /* APIRequest.swift */ = {isa = PBXFileReference; lastKnownFileType = sourcecode.swift; path = APIRequest.swift; sourceTree = "<group>"; };
		6F8272802C090CF300FE2FC8 /* Config.swift */ = {isa = PBXFileReference; lastKnownFileType = sourcecode.swift; path = Config.swift; sourceTree = "<group>"; };
		6F8272832C090D2C00FE2FC8 /* APIError.swift */ = {isa = PBXFileReference; lastKnownFileType = sourcecode.swift; path = APIError.swift; sourceTree = "<group>"; };
		6F8272852C090D4A00FE2FC8 /* Alert.swift */ = {isa = PBXFileReference; lastKnownFileType = sourcecode.swift; path = Alert.swift; sourceTree = "<group>"; };
		6F8272872C090D7E00FE2FC8 /* LocationService.swift */ = {isa = PBXFileReference; lastKnownFileType = sourcecode.swift; path = LocationService.swift; sourceTree = "<group>"; };
		6F82728C2C090DF300FE2FC8 /* LocationPhotosResponse.swift */ = {isa = PBXFileReference; lastKnownFileType = sourcecode.swift; path = LocationPhotosResponse.swift; sourceTree = "<group>"; };
		6F82728E2C090E1100FE2FC8 /* LocationDetailResponse.swift */ = {isa = PBXFileReference; lastKnownFileType = sourcecode.swift; path = LocationDetailResponse.swift; sourceTree = "<group>"; };
		6F8272902C090E3400FE2FC8 /* SearchLocationResponse.swift */ = {isa = PBXFileReference; lastKnownFileType = sourcecode.swift; path = SearchLocationResponse.swift; sourceTree = "<group>"; };
		6F8272942C090F0300FE2FC8 /* RemoteImage.swift */ = {isa = PBXFileReference; lastKnownFileType = sourcecode.swift; path = RemoteImage.swift; sourceTree = "<group>"; };
		6F8272972C090F3F00FE2FC8 /* LoadingView.swift */ = {isa = PBXFileReference; lastKnownFileType = sourcecode.swift; path = LoadingView.swift; sourceTree = "<group>"; };
		6F82729D2C09148E00FE2FC8 /* LandmarkClassifier.mlmodel */ = {isa = PBXFileReference; lastKnownFileType = file.mlmodel; path = LandmarkClassifier.mlmodel; sourceTree = "<group>"; };
		6F8272A12C09151800FE2FC8 /* GalleryView.swift */ = {isa = PBXFileReference; lastKnownFileType = sourcecode.swift; path = GalleryView.swift; sourceTree = "<group>"; };
		6F8272A32C09155600FE2FC8 /* CameraLiveView.swift */ = {isa = PBXFileReference; lastKnownFileType = sourcecode.swift; path = CameraLiveView.swift; sourceTree = "<group>"; };
		6F8272A62C0915F600FE2FC8 /* CameraLiveViewModel.swift */ = {isa = PBXFileReference; lastKnownFileType = sourcecode.swift; path = CameraLiveViewModel.swift; sourceTree = "<group>"; };
		6F8272A82C09165900FE2FC8 /* VideoCapture.swift */ = {isa = PBXFileReference; lastKnownFileType = sourcecode.swift; path = VideoCapture.swift; sourceTree = "<group>"; };
		6F8272AA2C09169D00FE2FC8 /* ImagePicker.swift */ = {isa = PBXFileReference; lastKnownFileType = sourcecode.swift; path = ImagePicker.swift; sourceTree = "<group>"; };
		6F8272AC2C0916E000FE2FC8 /* CameraPreview.swift */ = {isa = PBXFileReference; lastKnownFileType = sourcecode.swift; path = CameraPreview.swift; sourceTree = "<group>"; };
		6F8272AE2C09170600FE2FC8 /* CameraOverlayView.swift */ = {isa = PBXFileReference; lastKnownFileType = sourcecode.swift; path = CameraOverlayView.swift; sourceTree = "<group>"; };
		6F9082902C03579200C30F09 /* FavoritesView.swift */ = {isa = PBXFileReference; lastKnownFileType = sourcecode.swift; path = FavoritesView.swift; sourceTree = "<group>"; };
		6F9082942C0357C800C30F09 /* CoreMLView.swift */ = {isa = PBXFileReference; lastKnownFileType = sourcecode.swift; path = CoreMLView.swift; sourceTree = "<group>"; };
		6F90829C2C0358EF00C30F09 /* HomeViewModel.swift */ = {isa = PBXFileReference; lastKnownFileType = sourcecode.swift; path = HomeViewModel.swift; sourceTree = "<group>"; };
		6F90829E2C0359D800C30F09 /* TravelGuideTabView.swift */ = {isa = PBXFileReference; lastKnownFileType = sourcecode.swift; path = TravelGuideTabView.swift; sourceTree = "<group>"; };
		6FA128D52C13B737008D4CE7 /* NearbyLocationResponse.swift */ = {isa = PBXFileReference; lastKnownFileType = sourcecode.swift; path = NearbyLocationResponse.swift; sourceTree = "<group>"; };
		6FA128D72C13B75C008D4CE7 /* NearbyLocationDetail.swift */ = {isa = PBXFileReference; lastKnownFileType = sourcecode.swift; path = NearbyLocationDetail.swift; sourceTree = "<group>"; };
		6FA128DD2C14F783008D4CE7 /* CustomFont.swift */ = {isa = PBXFileReference; lastKnownFileType = sourcecode.swift; path = CustomFont.swift; sourceTree = "<group>"; };
		6FA128DF2C14F7B0008D4CE7 /* Text+Extensions.swift */ = {isa = PBXFileReference; lastKnownFileType = sourcecode.swift; path = "Text+Extensions.swift"; sourceTree = "<group>"; };
		6FA128E32C14F8A9008D4CE7 /* ChooseCityView.swift */ = {isa = PBXFileReference; lastKnownFileType = sourcecode.swift; path = ChooseCityView.swift; sourceTree = "<group>"; };
		6FA128E52C14F8DB008D4CE7 /* LocationCardView.swift */ = {isa = PBXFileReference; lastKnownFileType = sourcecode.swift; path = LocationCardView.swift; sourceTree = "<group>"; };
		6FC321452BFE4421005D966D /* Navigation.swift */ = {isa = PBXFileReference; lastKnownFileType = sourcecode.swift; path = Navigation.swift; sourceTree = "<group>"; };
		6FC321472BFE444A005D966D /* NavigationViewModifier.swift */ = {isa = PBXFileReference; lastKnownFileType = sourcecode.swift; path = NavigationViewModifier.swift; sourceTree = "<group>"; };
		6FC321492BFE446B005D966D /* NavigationType.swift */ = {isa = PBXFileReference; lastKnownFileType = sourcecode.swift; path = NavigationType.swift; sourceTree = "<group>"; };
		6FC3214D2BFE452A005D966D /* SplashView.swift */ = {isa = PBXFileReference; lastKnownFileType = sourcecode.swift; path = SplashView.swift; sourceTree = "<group>"; };
		6FC321512BFE46A0005D966D /* OnboardingView.swift */ = {isa = PBXFileReference; lastKnownFileType = sourcecode.swift; path = OnboardingView.swift; sourceTree = "<group>"; };
		6FC321532BFE46D9005D966D /* OnboardingPage.swift */ = {isa = PBXFileReference; lastKnownFileType = sourcecode.swift; path = OnboardingPage.swift; sourceTree = "<group>"; };
		6FC321552BFE46FB005D966D /* OnboardingPageView.swift */ = {isa = PBXFileReference; lastKnownFileType = sourcecode.swift; path = OnboardingPageView.swift; sourceTree = "<group>"; };
		6FC321582BFE47FD005D966D /* Color+Extensions.swift */ = {isa = PBXFileReference; lastKnownFileType = sourcecode.swift; path = "Color+Extensions.swift"; sourceTree = "<group>"; };
		6FC3215B2BFE4855005D966D /* AppLocalStorage.swift */ = {isa = PBXFileReference; lastKnownFileType = sourcecode.swift; path = AppLocalStorage.swift; sourceTree = "<group>"; };
		6FC3215D2BFE486F005D966D /* Constants.swift */ = {isa = PBXFileReference; lastKnownFileType = sourcecode.swift; path = Constants.swift; sourceTree = "<group>"; };
		6FEA59942BE1B43800528E55 /* Inter-Bold.ttf */ = {isa = PBXFileReference; lastKnownFileType = file; path = "Inter-Bold.ttf"; sourceTree = "<group>"; };
		6FEA59952BE1B43800528E55 /* Inter-Regular.ttf */ = {isa = PBXFileReference; lastKnownFileType = file; path = "Inter-Regular.ttf"; sourceTree = "<group>"; };
		6FEA59982BE1B49F00528E55 /* Info.plist */ = {isa = PBXFileReference; lastKnownFileType = text.plist; path = Info.plist; sourceTree = "<group>"; };
/* End PBXFileReference section */

/* Begin PBXFrameworksBuildPhase section */
		6F4A56862BE1AACB00E1CC28 /* Frameworks */ = {
			isa = PBXFrameworksBuildPhase;
			buildActionMask = 2147483647;
			files = (
			);
			runOnlyForDeploymentPostprocessing = 0;
		};
/* End PBXFrameworksBuildPhase section */

/* Begin PBXGroup section */
		6F2D76CC2BFE66D60001AFAA /* Home */ = {
			isa = PBXGroup;
			children = (
				6F8272892C090DAF00FE2FC8 /* Model */,
				6F2D76CD2BFE66E50001AFAA /* View */,
				6F90829B2C0358B600C30F09 /* ViewModel */,
			);
			path = Home;
			sourceTree = "<group>";
		};
		6F2D76CD2BFE66E50001AFAA /* View */ = {
			isa = PBXGroup;
			children = (
				6F2D76CE2BFE66F70001AFAA /* HomeView.swift */,
				6FA128E32C14F8A9008D4CE7 /* ChooseCityView.swift */,
				6FA128E52C14F8DB008D4CE7 /* LocationCardView.swift */,
				6F4AA9832C15B4610012F060 /* NearbyLocationDetailsView.swift */,
			);
			path = View;
			sourceTree = "<group>";
		};
		6F2D76D82BFE69700001AFAA /* Managers */ = {
			isa = PBXGroup;
			children = (
				6F2D76D92BFE699C0001AFAA /* LocationManager.swift */,
				6F4AA9882C15B4F10012F060 /* CoreDataManager.swift */,
			);
			path = Managers;
			sourceTree = "<group>";
		};
		6F2D76DB2BFE69BC0001AFAA /* Permission */ = {
			isa = PBXGroup;
			children = (
				6F2D76DC2BFE69C90001AFAA /* View */,
			);
			path = Permission;
			sourceTree = "<group>";
		};
		6F2D76DC2BFE69C90001AFAA /* View */ = {
			isa = PBXGroup;
			children = (
				6F2D76DD2BFE69E30001AFAA /* LocationPermissionView.swift */,
			);
			path = View;
			sourceTree = "<group>";
		};
		6F4A56802BE1AACB00E1CC28 = {
			isa = PBXGroup;
			children = (
				6F4A568B2BE1AACB00E1CC28 /* TravelGuide */,
				6F4A568A2BE1AACB00E1CC28 /* Products */,
			);
			sourceTree = "<group>";
		};
		6F4A568A2BE1AACB00E1CC28 /* Products */ = {
			isa = PBXGroup;
			children = (
				6F4A56892BE1AACB00E1CC28 /* TravelGuide.app */,
			);
			name = Products;
			sourceTree = "<group>";
		};
		6F4A568B2BE1AACB00E1CC28 /* TravelGuide */ = {
			isa = PBXGroup;
			children = (
				6FEA59982BE1B49F00528E55 /* Info.plist */,
				6F4A569A2BE1AE3100E1CC28 /* Features */,
				6F82727D2C090C8400FE2FC8 /* Services */,
				6F8272922C090ED600FE2FC8 /* Views */,
				6F2D76D82BFE69700001AFAA /* Managers */,
				6F4AA98A2C15B51C0012F060 /* CoreData */,
				6F4A569D2BE1AEA500E1CC28 /* Utilities */,
				6F4A568C2BE1AACB00E1CC28 /* TravelGuideApp.swift */,
				6F4A569C2BE1AE8F00E1CC28 /* Resources */,
			);
			path = TravelGuide;
			sourceTree = "<group>";
		};
		6F4A56922BE1AACD00E1CC28 /* Preview Content */ = {
			isa = PBXGroup;
			children = (
				6F4A56932BE1AACD00E1CC28 /* Preview Assets.xcassets */,
			);
			path = "Preview Content";
			sourceTree = "<group>";
		};
		6F4A569A2BE1AE3100E1CC28 /* Features */ = {
			isa = PBXGroup;
			children = (
				6F90828E2C03577800C30F09 /* Favorites */,
				6F9082922C0357A900C30F09 /* CoreML */,
				6F2D76CC2BFE66D60001AFAA /* Home */,
				6F2D76DB2BFE69BC0001AFAA /* Permission */,
				6FC3214F2BFE4672005D966D /* Onboarding */,
				6FC3214B2BFE4505005D966D /* Splash */,
				6F90829E2C0359D800C30F09 /* TravelGuideTabView.swift */,
			);
			path = Features;
			sourceTree = "<group>";
		};
		6F4A569C2BE1AE8F00E1CC28 /* Resources */ = {
			isa = PBXGroup;
			children = (
				6FEA59932BE1B3CD00528E55 /* Fonts */,
				6F4A56902BE1AACD00E1CC28 /* Assets.xcassets */,
				6F4A56922BE1AACD00E1CC28 /* Preview Content */,
			);
			path = Resources;
			sourceTree = "<group>";
		};
		6F4A569D2BE1AEA500E1CC28 /* Utilities */ = {
			isa = PBXGroup;
			children = (
				6F8272822C090D1600FE2FC8 /* Alerts */,
				6FC3215A2BFE4840005D966D /* Helpers */,
				6FC321572BFE47E0005D966D /* Extensions */,
				6FC321442BFE4403005D966D /* NavigaitonHelper */,
			);
			path = Utilities;
			sourceTree = "<group>";
		};
		6F4AA9852C15B4A70012F060 /* Buttons */ = {
			isa = PBXGroup;
			children = (
				6F4AA9862C15B4B70012F060 /* XDismissButton.swift */,
			);
			path = Buttons;
			sourceTree = "<group>";
		};
		6F4AA98A2C15B51C0012F060 /* CoreData */ = {
			isa = PBXGroup;
			children = (
				6F4AA98D2C15B5AC0012F060 /* FavoriteLocationsModel.xcdatamodeld */,
			);
			path = CoreData;
			sourceTree = "<group>";
		};
		6F4AA9902C15B8330012F060 /* ViewModel */ = {
			isa = PBXGroup;
			children = (
				6F4AA9912C15B8470012F060 /* FavoritesViewModel.swift */,
			);
			path = ViewModel;
			sourceTree = "<group>";
		};
		6F82727D2C090C8400FE2FC8 /* Services */ = {
			isa = PBXGroup;
			children = (
				6F82727E2C090CAA00FE2FC8 /* APIRequest.swift */,
				6F8272872C090D7E00FE2FC8 /* LocationService.swift */,
			);
			path = Services;
			sourceTree = "<group>";
		};
		6F8272822C090D1600FE2FC8 /* Alerts */ = {
			isa = PBXGroup;
			children = (
				6F8272832C090D2C00FE2FC8 /* APIError.swift */,
				6F8272852C090D4A00FE2FC8 /* Alert.swift */,
			);
			path = Alerts;
			sourceTree = "<group>";
		};
		6F8272892C090DAF00FE2FC8 /* Model */ = {
			isa = PBXGroup;
			children = (
				6F82728C2C090DF300FE2FC8 /* LocationPhotosResponse.swift */,
				6F82728E2C090E1100FE2FC8 /* LocationDetailResponse.swift */,
				6F8272902C090E3400FE2FC8 /* SearchLocationResponse.swift */,
				6FA128D52C13B737008D4CE7 /* NearbyLocationResponse.swift */,
				6FA128D72C13B75C008D4CE7 /* NearbyLocationDetail.swift */,
			);
			path = Model;
			sourceTree = "<group>";
		};
		6F8272922C090ED600FE2FC8 /* Views */ = {
			isa = PBXGroup;
			children = (
				6F4AA9852C15B4A70012F060 /* Buttons */,
				6F8272962C090F2C00FE2FC8 /* UIKit Components */,
				6F8272932C090EEE00FE2FC8 /* Image */,
			);
			path = Views;
			sourceTree = "<group>";
		};
		6F8272932C090EEE00FE2FC8 /* Image */ = {
			isa = PBXGroup;
			children = (
				6F8272942C090F0300FE2FC8 /* RemoteImage.swift */,
			);
			path = Image;
			sourceTree = "<group>";
		};
		6F8272962C090F2C00FE2FC8 /* UIKit Components */ = {
			isa = PBXGroup;
			children = (
				6F8272972C090F3F00FE2FC8 /* LoadingView.swift */,
				6F8272AA2C09169D00FE2FC8 /* ImagePicker.swift */,
				6F8272AC2C0916E000FE2FC8 /* CameraPreview.swift */,
			);
			path = "UIKit Components";
			sourceTree = "<group>";
		};
		6F82729C2C09143600FE2FC8 /* Model */ = {
			isa = PBXGroup;
			children = (
				6F82729D2C09148E00FE2FC8 /* LandmarkClassifier.mlmodel */,
			);
			name = Model;
			sourceTree = "<group>";
		};
		6F82729F2C0914E300FE2FC8 /* Camera */ = {
			isa = PBXGroup;
			children = (
				6F8272A32C09155600FE2FC8 /* CameraLiveView.swift */,
				6F8272AE2C09170600FE2FC8 /* CameraOverlayView.swift */,
			);
			path = Camera;
			sourceTree = "<group>";
		};
		6F8272A02C0914ED00FE2FC8 /* Gallery */ = {
			isa = PBXGroup;
			children = (
				6F8272A12C09151800FE2FC8 /* GalleryView.swift */,
			);
			path = Gallery;
			sourceTree = "<group>";
		};
		6F8272A52C0915A000FE2FC8 /* ViewModel */ = {
			isa = PBXGroup;
			children = (
				6F8272A62C0915F600FE2FC8 /* CameraLiveViewModel.swift */,
			);
			path = ViewModel;
			sourceTree = "<group>";
		};
		6F90828E2C03577800C30F09 /* Favorites */ = {
			isa = PBXGroup;
			children = (
				6F4AA9902C15B8330012F060 /* ViewModel */,
				6F90828F2C03578300C30F09 /* View */,
			);
			path = Favorites;
			sourceTree = "<group>";
		};
		6F90828F2C03578300C30F09 /* View */ = {
			isa = PBXGroup;
			children = (
				6F9082902C03579200C30F09 /* FavoritesView.swift */,
			);
			path = View;
			sourceTree = "<group>";
		};
		6F9082922C0357A900C30F09 /* CoreML */ = {
			isa = PBXGroup;
			children = (
				6F82729C2C09143600FE2FC8 /* Model */,
				6F9082932C0357B300C30F09 /* View */,
				6F8272A52C0915A000FE2FC8 /* ViewModel */,
			);
			path = CoreML;
			sourceTree = "<group>";
		};
		6F9082932C0357B300C30F09 /* View */ = {
			isa = PBXGroup;
			children = (
				6F8272A02C0914ED00FE2FC8 /* Gallery */,
				6F82729F2C0914E300FE2FC8 /* Camera */,
				6F9082942C0357C800C30F09 /* CoreMLView.swift */,
			);
			path = View;
			sourceTree = "<group>";
		};
		6F90829B2C0358B600C30F09 /* ViewModel */ = {
			isa = PBXGroup;
			children = (
				6F90829C2C0358EF00C30F09 /* HomeViewModel.swift */,
				6F4AA9952C164AB00012F060 /* SharedData.swift */,
			);
			path = ViewModel;
			sourceTree = "<group>";
		};
		6FC321442BFE4403005D966D /* NavigaitonHelper */ = {
			isa = PBXGroup;
			children = (
				6FC321452BFE4421005D966D /* Navigation.swift */,
				6FC321472BFE444A005D966D /* NavigationViewModifier.swift */,
				6FC321492BFE446B005D966D /* NavigationType.swift */,
			);
			path = NavigaitonHelper;
			sourceTree = "<group>";
		};
		6FC3214B2BFE4505005D966D /* Splash */ = {
			isa = PBXGroup;
			children = (
				6FC3214C2BFE450D005D966D /* View */,
			);
			path = Splash;
			sourceTree = "<group>";
		};
		6FC3214C2BFE450D005D966D /* View */ = {
			isa = PBXGroup;
			children = (
				6FC3214D2BFE452A005D966D /* SplashView.swift */,
			);
			path = View;
			sourceTree = "<group>";
		};
		6FC3214F2BFE4672005D966D /* Onboarding */ = {
			isa = PBXGroup;
			children = (
				6FC321502BFE4693005D966D /* View */,
			);
			path = Onboarding;
			sourceTree = "<group>";
		};
		6FC321502BFE4693005D966D /* View */ = {
			isa = PBXGroup;
			children = (
				6FC321512BFE46A0005D966D /* OnboardingView.swift */,
				6FC321532BFE46D9005D966D /* OnboardingPage.swift */,
				6FC321552BFE46FB005D966D /* OnboardingPageView.swift */,
			);
			name = View;
			sourceTree = "<group>";
		};
		6FC321572BFE47E0005D966D /* Extensions */ = {
			isa = PBXGroup;
			children = (
				6FC321582BFE47FD005D966D /* Color+Extensions.swift */,
				6F2D76DF2BFE6A3F0001AFAA /* View+Extensions.swift */,
				6FA128DF2C14F7B0008D4CE7 /* Text+Extensions.swift */,
			);
			path = Extensions;
			sourceTree = "<group>";
		};
		6FC3215A2BFE4840005D966D /* Helpers */ = {
			isa = PBXGroup;
			children = (
				6FC3215B2BFE4855005D966D /* AppLocalStorage.swift */,
				6FC3215D2BFE486F005D966D /* Constants.swift */,
				6F8272802C090CF300FE2FC8 /* Config.swift */,
				6F8272A82C09165900FE2FC8 /* VideoCapture.swift */,
				6FA128DD2C14F783008D4CE7 /* CustomFont.swift */,
			);
			path = Helpers;
			sourceTree = "<group>";
		};
		6FEA59932BE1B3CD00528E55 /* Fonts */ = {
			isa = PBXGroup;
			children = (
				6FEA59942BE1B43800528E55 /* Inter-Bold.ttf */,
				6FEA59952BE1B43800528E55 /* Inter-Regular.ttf */,
			);
			path = Fonts;
			sourceTree = "<group>";
		};
/* End PBXGroup section */

/* Begin PBXNativeTarget section */
		6F4A56882BE1AACB00E1CC28 /* TravelGuide */ = {
			isa = PBXNativeTarget;
			buildConfigurationList = 6F4A56972BE1AACD00E1CC28 /* Build configuration list for PBXNativeTarget "TravelGuide" */;
			buildPhases = (
				6F4A56852BE1AACB00E1CC28 /* Sources */,
				6F4A56862BE1AACB00E1CC28 /* Frameworks */,
				6F4A56872BE1AACB00E1CC28 /* Resources */,
			);
			buildRules = (
			);
			dependencies = (
			);
			name = TravelGuide;
			productName = TravelGuide;
			productReference = 6F4A56892BE1AACB00E1CC28 /* TravelGuide.app */;
			productType = "com.apple.product-type.application";
		};
/* End PBXNativeTarget section */

/* Begin PBXProject section */
		6F4A56812BE1AACB00E1CC28 /* Project object */ = {
			isa = PBXProject;
			attributes = {
				BuildIndependentTargetsInParallel = 1;
				LastSwiftUpdateCheck = 1520;
				LastUpgradeCheck = 1520;
				TargetAttributes = {
					6F4A56882BE1AACB00E1CC28 = {
						CreatedOnToolsVersion = 15.2;
					};
				};
			};
			buildConfigurationList = 6F4A56842BE1AACB00E1CC28 /* Build configuration list for PBXProject "TravelGuide" */;
			compatibilityVersion = "Xcode 14.0";
			developmentRegion = en;
			hasScannedForEncodings = 0;
			knownRegions = (
				en,
				Base,
			);
			mainGroup = 6F4A56802BE1AACB00E1CC28;
			productRefGroup = 6F4A568A2BE1AACB00E1CC28 /* Products */;
			projectDirPath = "";
			projectRoot = "";
			targets = (
				6F4A56882BE1AACB00E1CC28 /* TravelGuide */,
			);
		};
/* End PBXProject section */

/* Begin PBXResourcesBuildPhase section */
		6F4A56872BE1AACB00E1CC28 /* Resources */ = {
			isa = PBXResourcesBuildPhase;
			buildActionMask = 2147483647;
			files = (
				6FEA59962BE1B43800528E55 /* Inter-Bold.ttf in Resources */,
				6F4A56942BE1AACD00E1CC28 /* Preview Assets.xcassets in Resources */,
				6FEA59972BE1B43800528E55 /* Inter-Regular.ttf in Resources */,
				6F4A56912BE1AACD00E1CC28 /* Assets.xcassets in Resources */,
			);
			runOnlyForDeploymentPostprocessing = 0;
		};
/* End PBXResourcesBuildPhase section */

/* Begin PBXSourcesBuildPhase section */
		6F4A56852BE1AACB00E1CC28 /* Sources */ = {
			isa = PBXSourcesBuildPhase;
			buildActionMask = 2147483647;
			files = (
				6F82729E2C09148E00FE2FC8 /* LandmarkClassifier.mlmodel in Sources */,
				6FC3214A2BFE446B005D966D /* NavigationType.swift in Sources */,
				6F8272A42C09155600FE2FC8 /* CameraLiveView.swift in Sources */,
				6FA128E42C14F8A9008D4CE7 /* ChooseCityView.swift in Sources */,
				6F8272912C090E3400FE2FC8 /* SearchLocationResponse.swift in Sources */,
				6F8272A22C09151800FE2FC8 /* GalleryView.swift in Sources */,
				6F8272AB2C09169D00FE2FC8 /* ImagePicker.swift in Sources */,
				6FC321462BFE4421005D966D /* Navigation.swift in Sources */,
				6F8272982C090F3F00FE2FC8 /* LoadingView.swift in Sources */,
				6F4AA98F2C15B5AC0012F060 /* FavoriteLocationsModel.xcdatamodeld in Sources */,
				6F8272A72C0915F600FE2FC8 /* CameraLiveViewModel.swift in Sources */,
				6F4AA9842C15B4610012F060 /* NearbyLocationDetailsView.swift in Sources */,
				6FA128D82C13B75C008D4CE7 /* NearbyLocationDetail.swift in Sources */,
				6F8272862C090D4A00FE2FC8 /* Alert.swift in Sources */,
				6F90829D2C0358EF00C30F09 /* HomeViewModel.swift in Sources */,
				6F4AA9872C15B4B70012F060 /* XDismissButton.swift in Sources */,
				6FA128E02C14F7B0008D4CE7 /* Text+Extensions.swift in Sources */,
				6FC321482BFE444A005D966D /* NavigationViewModifier.swift in Sources */,
				6F8272842C090D2C00FE2FC8 /* APIError.swift in Sources */,
				6F4A568D2BE1AACB00E1CC28 /* TravelGuideApp.swift in Sources */,
				6FC321592BFE47FD005D966D /* Color+Extensions.swift in Sources */,
				6FA128E62C14F8DB008D4CE7 /* LocationCardView.swift in Sources */,
				6FC3214E2BFE452A005D966D /* SplashView.swift in Sources */,
				6FC321562BFE46FB005D966D /* OnboardingPageView.swift in Sources */,
				6F82728D2C090DF300FE2FC8 /* LocationPhotosResponse.swift in Sources */,
				6F4AA9962C164AB00012F060 /* SharedData.swift in Sources */,
				6FC3215C2BFE4855005D966D /* AppLocalStorage.swift in Sources */,
				6FA128DE2C14F783008D4CE7 /* CustomFont.swift in Sources */,
				6F2D76DE2BFE69E30001AFAA /* LocationPermissionView.swift in Sources */,
				6F4AA9922C15B8470012F060 /* FavoritesViewModel.swift in Sources */,
				6FC321522BFE46A0005D966D /* OnboardingView.swift in Sources */,
				6F4AA9892C15B4F10012F060 /* CoreDataManager.swift in Sources */,
				6F8272AF2C09170600FE2FC8 /* CameraOverlayView.swift in Sources */,
				6FA128D62C13B737008D4CE7 /* NearbyLocationResponse.swift in Sources */,
				6F2D76CF2BFE66F70001AFAA /* HomeView.swift in Sources */,
				6F8272952C090F0300FE2FC8 /* RemoteImage.swift in Sources */,
				6FC321542BFE46D9005D966D /* OnboardingPage.swift in Sources */,
				6F8272AD2C0916E000FE2FC8 /* CameraPreview.swift in Sources */,
				6F9082912C03579200C30F09 /* FavoritesView.swift in Sources */,
				6FC3215E2BFE486F005D966D /* Constants.swift in Sources */,
				6F2D76E02BFE6A3F0001AFAA /* View+Extensions.swift in Sources */,
				6F8272812C090CF400FE2FC8 /* Config.swift in Sources */,
				6F8272A92C09165900FE2FC8 /* VideoCapture.swift in Sources */,
				6F82727F2C090CAA00FE2FC8 /* APIRequest.swift in Sources */,
				6F8272882C090D7E00FE2FC8 /* LocationService.swift in Sources */,
				6F9082952C0357C800C30F09 /* CoreMLView.swift in Sources */,
				6F2D76DA2BFE699C0001AFAA /* LocationManager.swift in Sources */,
				6F82728F2C090E1100FE2FC8 /* LocationDetailResponse.swift in Sources */,
				6F90829F2C0359D800C30F09 /* TravelGuideTabView.swift in Sources */,
			);
			runOnlyForDeploymentPostprocessing = 0;
		};
/* End PBXSourcesBuildPhase section */

/* Begin XCBuildConfiguration section */
		6F4A56952BE1AACD00E1CC28 /* Debug */ = {
			isa = XCBuildConfiguration;
			buildSettings = {
				ALWAYS_SEARCH_USER_PATHS = NO;
				ASSETCATALOG_COMPILER_GENERATE_SWIFT_ASSET_SYMBOL_EXTENSIONS = YES;
				CLANG_ANALYZER_NONNULL = YES;
				CLANG_ANALYZER_NUMBER_OBJECT_CONVERSION = YES_AGGRESSIVE;
				CLANG_CXX_LANGUAGE_STANDARD = "gnu++20";
				CLANG_ENABLE_MODULES = YES;
				CLANG_ENABLE_OBJC_ARC = YES;
				CLANG_ENABLE_OBJC_WEAK = YES;
				CLANG_WARN_BLOCK_CAPTURE_AUTORELEASING = YES;
				CLANG_WARN_BOOL_CONVERSION = YES;
				CLANG_WARN_COMMA = YES;
				CLANG_WARN_CONSTANT_CONVERSION = YES;
				CLANG_WARN_DEPRECATED_OBJC_IMPLEMENTATIONS = YES;
				CLANG_WARN_DIRECT_OBJC_ISA_USAGE = YES_ERROR;
				CLANG_WARN_DOCUMENTATION_COMMENTS = YES;
				CLANG_WARN_EMPTY_BODY = YES;
				CLANG_WARN_ENUM_CONVERSION = YES;
				CLANG_WARN_INFINITE_RECURSION = YES;
				CLANG_WARN_INT_CONVERSION = YES;
				CLANG_WARN_NON_LITERAL_NULL_CONVERSION = YES;
				CLANG_WARN_OBJC_IMPLICIT_RETAIN_SELF = YES;
				CLANG_WARN_OBJC_LITERAL_CONVERSION = YES;
				CLANG_WARN_OBJC_ROOT_CLASS = YES_ERROR;
				CLANG_WARN_QUOTED_INCLUDE_IN_FRAMEWORK_HEADER = YES;
				CLANG_WARN_RANGE_LOOP_ANALYSIS = YES;
				CLANG_WARN_STRICT_PROTOTYPES = YES;
				CLANG_WARN_SUSPICIOUS_MOVE = YES;
				CLANG_WARN_UNGUARDED_AVAILABILITY = YES_AGGRESSIVE;
				CLANG_WARN_UNREACHABLE_CODE = YES;
				CLANG_WARN__DUPLICATE_METHOD_MATCH = YES;
				COPY_PHASE_STRIP = NO;
				DEBUG_INFORMATION_FORMAT = dwarf;
				ENABLE_STRICT_OBJC_MSGSEND = YES;
				ENABLE_TESTABILITY = YES;
				ENABLE_USER_SCRIPT_SANDBOXING = YES;
				GCC_C_LANGUAGE_STANDARD = gnu17;
				GCC_DYNAMIC_NO_PIC = NO;
				GCC_NO_COMMON_BLOCKS = YES;
				GCC_OPTIMIZATION_LEVEL = 0;
				GCC_PREPROCESSOR_DEFINITIONS = (
					"DEBUG=1",
					"$(inherited)",
				);
				GCC_WARN_64_TO_32_BIT_CONVERSION = YES;
				GCC_WARN_ABOUT_RETURN_TYPE = YES_ERROR;
				GCC_WARN_UNDECLARED_SELECTOR = YES;
				GCC_WARN_UNINITIALIZED_AUTOS = YES_AGGRESSIVE;
				GCC_WARN_UNUSED_FUNCTION = YES;
				GCC_WARN_UNUSED_VARIABLE = YES;
				IPHONEOS_DEPLOYMENT_TARGET = 17.2;
				LOCALIZATION_PREFERS_STRING_CATALOGS = YES;
				MTL_ENABLE_DEBUG_INFO = INCLUDE_SOURCE;
				MTL_FAST_MATH = YES;
				ONLY_ACTIVE_ARCH = YES;
				SDKROOT = iphoneos;
				SWIFT_ACTIVE_COMPILATION_CONDITIONS = "DEBUG $(inherited)";
				SWIFT_OPTIMIZATION_LEVEL = "-Onone";
			};
			name = Debug;
		};
		6F4A56962BE1AACD00E1CC28 /* Release */ = {
			isa = XCBuildConfiguration;
			buildSettings = {
				ALWAYS_SEARCH_USER_PATHS = NO;
				ASSETCATALOG_COMPILER_GENERATE_SWIFT_ASSET_SYMBOL_EXTENSIONS = YES;
				CLANG_ANALYZER_NONNULL = YES;
				CLANG_ANALYZER_NUMBER_OBJECT_CONVERSION = YES_AGGRESSIVE;
				CLANG_CXX_LANGUAGE_STANDARD = "gnu++20";
				CLANG_ENABLE_MODULES = YES;
				CLANG_ENABLE_OBJC_ARC = YES;
				CLANG_ENABLE_OBJC_WEAK = YES;
				CLANG_WARN_BLOCK_CAPTURE_AUTORELEASING = YES;
				CLANG_WARN_BOOL_CONVERSION = YES;
				CLANG_WARN_COMMA = YES;
				CLANG_WARN_CONSTANT_CONVERSION = YES;
				CLANG_WARN_DEPRECATED_OBJC_IMPLEMENTATIONS = YES;
				CLANG_WARN_DIRECT_OBJC_ISA_USAGE = YES_ERROR;
				CLANG_WARN_DOCUMENTATION_COMMENTS = YES;
				CLANG_WARN_EMPTY_BODY = YES;
				CLANG_WARN_ENUM_CONVERSION = YES;
				CLANG_WARN_INFINITE_RECURSION = YES;
				CLANG_WARN_INT_CONVERSION = YES;
				CLANG_WARN_NON_LITERAL_NULL_CONVERSION = YES;
				CLANG_WARN_OBJC_IMPLICIT_RETAIN_SELF = YES;
				CLANG_WARN_OBJC_LITERAL_CONVERSION = YES;
				CLANG_WARN_OBJC_ROOT_CLASS = YES_ERROR;
				CLANG_WARN_QUOTED_INCLUDE_IN_FRAMEWORK_HEADER = YES;
				CLANG_WARN_RANGE_LOOP_ANALYSIS = YES;
				CLANG_WARN_STRICT_PROTOTYPES = YES;
				CLANG_WARN_SUSPICIOUS_MOVE = YES;
				CLANG_WARN_UNGUARDED_AVAILABILITY = YES_AGGRESSIVE;
				CLANG_WARN_UNREACHABLE_CODE = YES;
				CLANG_WARN__DUPLICATE_METHOD_MATCH = YES;
				COPY_PHASE_STRIP = NO;
				DEBUG_INFORMATION_FORMAT = "dwarf-with-dsym";
				ENABLE_NS_ASSERTIONS = NO;
				ENABLE_STRICT_OBJC_MSGSEND = YES;
				ENABLE_USER_SCRIPT_SANDBOXING = YES;
				GCC_C_LANGUAGE_STANDARD = gnu17;
				GCC_NO_COMMON_BLOCKS = YES;
				GCC_WARN_64_TO_32_BIT_CONVERSION = YES;
				GCC_WARN_ABOUT_RETURN_TYPE = YES_ERROR;
				GCC_WARN_UNDECLARED_SELECTOR = YES;
				GCC_WARN_UNINITIALIZED_AUTOS = YES_AGGRESSIVE;
				GCC_WARN_UNUSED_FUNCTION = YES;
				GCC_WARN_UNUSED_VARIABLE = YES;
				IPHONEOS_DEPLOYMENT_TARGET = 17.2;
				LOCALIZATION_PREFERS_STRING_CATALOGS = YES;
				MTL_ENABLE_DEBUG_INFO = NO;
				MTL_FAST_MATH = YES;
				SDKROOT = iphoneos;
				SWIFT_COMPILATION_MODE = wholemodule;
				VALIDATE_PRODUCT = YES;
			};
			name = Release;
		};
		6F4A56982BE1AACD00E1CC28 /* Debug */ = {
			isa = XCBuildConfiguration;
			buildSettings = {
				ASSETCATALOG_COMPILER_APPICON_NAME = AppIcon;
				ASSETCATALOG_COMPILER_GLOBAL_ACCENT_COLOR_NAME = AccentColor;
				CODE_SIGN_STYLE = Automatic;
				CURRENT_PROJECT_VERSION = 1;
				DEVELOPMENT_ASSET_PATHS = "\"TravelGuide/Resources/Preview Content\"";
				DEVELOPMENT_TEAM = RLTBABHG5N;
				ENABLE_PREVIEWS = YES;
				GENERATE_INFOPLIST_FILE = YES;
				INFOPLIST_FILE = TravelGuide/Info.plist;
				INFOPLIST_KEY_NSCameraUsageDescription = "This app will use your camera to take photos";
				INFOPLIST_KEY_NSLocationWhenInUseUsageDescription = "We need your location when using the app";
				INFOPLIST_KEY_UIApplicationSceneManifest_Generation = YES;
				INFOPLIST_KEY_UIApplicationSupportsIndirectInputEvents = YES;
				INFOPLIST_KEY_UILaunchScreen_Generation = YES;
				INFOPLIST_KEY_UISupportedInterfaceOrientations_iPad = "UIInterfaceOrientationPortrait UIInterfaceOrientationPortraitUpsideDown UIInterfaceOrientationLandscapeLeft UIInterfaceOrientationLandscapeRight";
				INFOPLIST_KEY_UISupportedInterfaceOrientations_iPhone = "UIInterfaceOrientationPortrait UIInterfaceOrientationLandscapeLeft UIInterfaceOrientationLandscapeRight";
				LD_RUNPATH_SEARCH_PATHS = (
					"$(inherited)",
					"@executable_path/Frameworks",
				);
				MARKETING_VERSION = 1.0;
				PRODUCT_BUNDLE_IDENTIFIER = com.emreyesilyurt.TravelGuide;
				PRODUCT_NAME = "$(TARGET_NAME)";
				SWIFT_EMIT_LOC_STRINGS = YES;
				SWIFT_VERSION = 5.0;
				TARGETED_DEVICE_FAMILY = "1,2";
			};
			name = Debug;
		};
		6F4A56992BE1AACD00E1CC28 /* Release */ = {
			isa = XCBuildConfiguration;
			buildSettings = {
				ASSETCATALOG_COMPILER_APPICON_NAME = AppIcon;
				ASSETCATALOG_COMPILER_GLOBAL_ACCENT_COLOR_NAME = AccentColor;
				CODE_SIGN_STYLE = Automatic;
				CURRENT_PROJECT_VERSION = 1;
				DEVELOPMENT_ASSET_PATHS = "\"TravelGuide/Resources/Preview Content\"";
				DEVELOPMENT_TEAM = RLTBABHG5N;
				ENABLE_PREVIEWS = YES;
				GENERATE_INFOPLIST_FILE = YES;
				INFOPLIST_FILE = TravelGuide/Info.plist;
				INFOPLIST_KEY_NSCameraUsageDescription = "This app will use your camera to take photos";
				INFOPLIST_KEY_NSLocationWhenInUseUsageDescription = "We need your location when using the app";
				INFOPLIST_KEY_UIApplicationSceneManifest_Generation = YES;
				INFOPLIST_KEY_UIApplicationSupportsIndirectInputEvents = YES;
				INFOPLIST_KEY_UILaunchScreen_Generation = YES;
				INFOPLIST_KEY_UISupportedInterfaceOrientations_iPad = "UIInterfaceOrientationPortrait UIInterfaceOrientationPortraitUpsideDown UIInterfaceOrientationLandscapeLeft UIInterfaceOrientationLandscapeRight";
				INFOPLIST_KEY_UISupportedInterfaceOrientations_iPhone = "UIInterfaceOrientationPortrait UIInterfaceOrientationLandscapeLeft UIInterfaceOrientationLandscapeRight";
				LD_RUNPATH_SEARCH_PATHS = (
					"$(inherited)",
					"@executable_path/Frameworks",
				);
				MARKETING_VERSION = 1.0;
				PRODUCT_BUNDLE_IDENTIFIER = com.emreyesilyurt.TravelGuide;
				PRODUCT_NAME = "$(TARGET_NAME)";
				SWIFT_EMIT_LOC_STRINGS = YES;
				SWIFT_VERSION = 5.0;
				TARGETED_DEVICE_FAMILY = "1,2";
			};
			name = Release;
		};
/* End XCBuildConfiguration section */

/* Begin XCConfigurationList section */
		6F4A56842BE1AACB00E1CC28 /* Build configuration list for PBXProject "TravelGuide" */ = {
			isa = XCConfigurationList;
			buildConfigurations = (
				6F4A56952BE1AACD00E1CC28 /* Debug */,
				6F4A56962BE1AACD00E1CC28 /* Release */,
			);
			defaultConfigurationIsVisible = 0;
			defaultConfigurationName = Release;
		};
		6F4A56972BE1AACD00E1CC28 /* Build configuration list for PBXNativeTarget "TravelGuide" */ = {
			isa = XCConfigurationList;
			buildConfigurations = (
				6F4A56982BE1AACD00E1CC28 /* Debug */,
				6F4A56992BE1AACD00E1CC28 /* Release */,
			);
			defaultConfigurationIsVisible = 0;
			defaultConfigurationName = Release;
		};
/* End XCConfigurationList section */

/* Begin XCVersionGroup section */
		6F4AA98D2C15B5AC0012F060 /* FavoriteLocationsModel.xcdatamodeld */ = {
			isa = XCVersionGroup;
			children = (
				6F4AA98E2C15B5AC0012F060 /* FavoriteLocationsModel.xcdatamodel */,
			);
			currentVersion = 6F4AA98E2C15B5AC0012F060 /* FavoriteLocationsModel.xcdatamodel */;
			path = FavoriteLocationsModel.xcdatamodeld;
			sourceTree = "<group>";
			versionGroupType = wrapper.xcdatamodel;
		};
/* End XCVersionGroup section */
	};
	rootObject = 6F4A56812BE1AACB00E1CC28 /* Project object */;
}
